
Microsoft Visual Studio Solution File, Format Version 12.00
# Visual Studio Version 17
VisualStudioVersion = 17.9.34723.18
MinimumVisualStudioVersion = 10.0.40219.1
Project("{FAE04EC0-301F-11D3-BF4B-00C04F79EFBC}") = "Terminal-Chess", "Terminal-Chess\Terminal-Chess.csproj", "{1A04477C-9462-42FD-83AB-88623DFA975E}"
EndProject
Global
	GlobalSection(SolutionConfigurationPlatforms) = preSolution
		Debug|Any CPU = Debug|Any CPU
		Release|Any CPU = Release|Any CPU
	EndGlobalSection
	GlobalSection(ProjectConfigurationPlatforms) = postSolution
		{1A04477C-9462-42FD-83AB-88623DFA975E}.Debug|Any CPU.ActiveCfg = Debug|Any CPU
		{1A04477C-9462-42FD-83AB-88623DFA975E}.Debug|Any CPU.Build.0 = Debug|Any CPU
		{1A04477C-9462-42FD-83AB-88623DFA975E}.Release|Any CPU.ActiveCfg = Release|Any CPU
		{1A04477C-9462-42FD-83AB-88623DFA975E}.Release|Any CPU.Build.0 = Release|Any CPU
	EndGlobalSection
	GlobalSection(SolutionProperties) = preSolution
		HideSolutionNode = FALSE
	EndGlobalSection
	GlobalSection(ExtensibilityGlobals) = postSolution
		SolutionGuid = {D0350607-0E3A-486C-8AAA-8F41580800C1}
	EndGlobalSection
EndGlobal
